
Microsoft Visual Studio Solution File, Format Version 12.00
# Visual Studio 2012
Project("{FAE04EC0-301F-11D3-BF4B-00C04F79EFBC}") = "MvcContractorShareApplication", "MvcContractorShareApplication\MvcContractorShareApplication.csproj", "{B0A27E26-97A6-4372-887C-4C71F62D21BD}"
EndProject
Global
	GlobalSection(SolutionConfigurationPlatforms) = preSolution
		Debug|Any CPU = Debug|Any CPU
		Release|Any CPU = Release|Any CPU
	EndGlobalSection
	GlobalSection(ProjectConfigurationPlatforms) = postSolution
		{B0A27E26-97A6-4372-887C-4C71F62D21BD}.Debug|Any CPU.ActiveCfg = Debug|Any CPU
		{B0A27E26-97A6-4372-887C-4C71F62D21BD}.Debug|Any CPU.Build.0 = Debug|Any CPU
		{B0A27E26-97A6-4372-887C-4C71F62D21BD}.Release|Any CPU.ActiveCfg = Release|Any CPU
		{B0A27E26-97A6-4372-887C-4C71F62D21BD}.Release|Any CPU.Build.0 = Release|Any CPU
	EndGlobalSection
	GlobalSection(SolutionProperties) = preSolution
		HideSolutionNode = FALSE
	EndGlobalSection
EndGlobal
